{
  "version": "4",
  "specifiers": {
    "jsr:@es-toolkit/es-toolkit@^1.29.0": "1.29.0",
    "jsr:@std/assert@^1.0.8": "1.0.8",
    "jsr:@std/internal@^1.0.5": "1.0.5",
    "npm:fp-ts@*": "2.16.9",
    "npm:fp-ts@^2.16.9": "2.16.9"
  },
  "jsr": {
    "@es-toolkit/es-toolkit@1.29.0": {
      "integrity": "1f0e6d67236bab663d3c8089d815d735e2313069d9cba1741d9908081364d11f"
    },
    "@std/assert@1.0.8": {
      "integrity": "ebe0bd7eb488ee39686f77003992f389a06c3da1bbd8022184804852b2fa641b",
      "dependencies": [
        "jsr:@std/internal"
      ]
    },
    "@std/internal@1.0.5": {
      "integrity": "54a546004f769c1ac9e025abd15a76b6671ddc9687e2313b67376125650dc7ba"
    }
  },
  "npm": {
    "fp-ts@2.16.9": {
      "integrity": "sha512-+I2+FnVB+tVaxcYyQkHUq7ZdKScaBlX53A41mxQtpIccsfyv8PzdzP7fzp2AY832T4aoK6UZ5WRX/ebGd8uZuQ=="
    }
  },
  "workspace": {
    "dependencies": [
      "jsr:@es-toolkit/es-toolkit@^1.29.0",
      "jsr:@std/assert@^1.0.8",
      "npm:fp-ts@^2.16.9"
    ]
  }
}
